
Microsoft Visual Studio Solution File, Format Version 12.00
# Visual Studio 2015
Project("{FAE04EC0-301F-11D3-BF4B-00C04F79EFBC}") = "SequencerSystem.CSharp", "SequencerSystem.CSharp.csproj", "{C5F05403-68B6-6369-AA96-F7FAA0AB3BA9}"
EndProject
Project("{FAE04EC0-301F-11D3-BF4B-00C04F79EFBC}") = "SequencerSystem.CSharp.Editor", "SequencerSystem.CSharp.Editor.csproj", "{87C14C8F-A0AE-0FBE-6430-8E90550DA586}"
EndProject
Global
	GlobalSection(SolutionConfigurationPlatforms) = preSolution
		Debug|Any CPU = Debug|Any CPU
		Release|Any CPU = Release|Any CPU
	EndGlobalSection
	GlobalSection(ProjectConfigurationPlatforms) = postSolution
		{C5F05403-68B6-6369-AA96-F7FAA0AB3BA9}.Debug|Any CPU.ActiveCfg = Debug|Any CPU
		{C5F05403-68B6-6369-AA96-F7FAA0AB3BA9}.Debug|Any CPU.Build.0 = Debug|Any CPU
		{C5F05403-68B6-6369-AA96-F7FAA0AB3BA9}.Release|Any CPU.ActiveCfg = Release|Any CPU
		{C5F05403-68B6-6369-AA96-F7FAA0AB3BA9}.Release|Any CPU.Build.0 = Release|Any CPU
		{87C14C8F-A0AE-0FBE-6430-8E90550DA586}.Debug|Any CPU.ActiveCfg = Debug|Any CPU
		{87C14C8F-A0AE-0FBE-6430-8E90550DA586}.Debug|Any CPU.Build.0 = Debug|Any CPU
		{87C14C8F-A0AE-0FBE-6430-8E90550DA586}.Release|Any CPU.ActiveCfg = Release|Any CPU
		{87C14C8F-A0AE-0FBE-6430-8E90550DA586}.Release|Any CPU.Build.0 = Release|Any CPU
	EndGlobalSection
	GlobalSection(SolutionProperties) = preSolution
		HideSolutionNode = FALSE
	EndGlobalSection
EndGlobal
